
Microsoft Visual Studio Solution File, Format Version 12.00
# Visual Studio 14
VisualStudioVersion = 14.0.24720.0
MinimumVisualStudioVersion = 10.0.40219.1
Project("{FAE04EC0-301F-11D3-BF4B-00C04F79EFBC}") = "TryTeacherScheduleParser", "TryTeacherSheduleParser\TryTeacherScheduleParser.csproj", "{A3478105-52E3-4746-A7FD-12538B1AA342}"
EndProject
Project("{FAE04EC0-301F-11D3-BF4B-00C04F79EFBC}") = "UnitTestTeacherScheduleParser", "UnitTestTeacherSheduleParser\UnitTestTeacherScheduleParser.csproj", "{5D89ACDF-AF3F-45CB-853B-0D2A61FB1A7A}"
EndProject
Project("{FAE04EC0-301F-11D3-BF4B-00C04F79EFBC}") = "Schedule", "Schedule\Schedule.csproj", "{1C0218C8-33EA-4213-809C-F559CA21EC99}"
EndProject
Project("{2150E333-8FDC-42A3-9474-1A3956D46DE8}") = "PublishScripts", "PublishScripts", "{29CD631D-EDEB-4D70-9A94-B5BF6CE221AF}"
	ProjectSection(SolutionItems) = preProject
		PublishScripts\AzureWebsitePublishModule.psm1 = PublishScripts\AzureWebsitePublishModule.psm1
		PublishScripts\Publish-WebApplicationWebsite.ps1 = PublishScripts\Publish-WebApplicationWebsite.ps1
	EndProjectSection
EndProject
Project("{2150E333-8FDC-42A3-9474-1A3956D46DE8}") = "Configurations", "Configurations", "{AC0CE9D1-1A43-4B13-A9CF-7F3C1908BD6E}"
	ProjectSection(SolutionItems) = preProject
		PublishScripts\Configurations\Schedule-WAWS-dev.json = PublishScripts\Configurations\Schedule-WAWS-dev.json
	EndProjectSection
EndProject
Project("{FAE04EC0-301F-11D3-BF4B-00C04F79EFBC}") = "TryStudentScheduleParser", "TryStudentScheduleParser\TryStudentScheduleParser.csproj", "{B9A4E76A-34D8-4F2A-B66D-CC817C965EB9}"
EndProject
Project("{FAE04EC0-301F-11D3-BF4B-00C04F79EFBC}") = "ParserTest", "ParserTest\ParserTest.csproj", "{E8A49BF4-B6E4-4841-AD6D-373B9B55F89F}"
EndProject
Global
	GlobalSection(SolutionConfigurationPlatforms) = preSolution
		Debug|Any CPU = Debug|Any CPU
		Release|Any CPU = Release|Any CPU
	EndGlobalSection
	GlobalSection(ProjectConfigurationPlatforms) = postSolution
		{A3478105-52E3-4746-A7FD-12538B1AA342}.Debug|Any CPU.ActiveCfg = Debug|Any CPU
		{A3478105-52E3-4746-A7FD-12538B1AA342}.Debug|Any CPU.Build.0 = Debug|Any CPU
		{A3478105-52E3-4746-A7FD-12538B1AA342}.Release|Any CPU.ActiveCfg = Release|Any CPU
		{A3478105-52E3-4746-A7FD-12538B1AA342}.Release|Any CPU.Build.0 = Release|Any CPU
		{5D89ACDF-AF3F-45CB-853B-0D2A61FB1A7A}.Debug|Any CPU.ActiveCfg = Debug|Any CPU
		{5D89ACDF-AF3F-45CB-853B-0D2A61FB1A7A}.Debug|Any CPU.Build.0 = Debug|Any CPU
		{5D89ACDF-AF3F-45CB-853B-0D2A61FB1A7A}.Release|Any CPU.ActiveCfg = Release|Any CPU
		{5D89ACDF-AF3F-45CB-853B-0D2A61FB1A7A}.Release|Any CPU.Build.0 = Release|Any CPU
		{1C0218C8-33EA-4213-809C-F559CA21EC99}.Debug|Any CPU.ActiveCfg = Debug|Any CPU
		{1C0218C8-33EA-4213-809C-F559CA21EC99}.Debug|Any CPU.Build.0 = Debug|Any CPU
		{1C0218C8-33EA-4213-809C-F559CA21EC99}.Release|Any CPU.ActiveCfg = Release|Any CPU
		{1C0218C8-33EA-4213-809C-F559CA21EC99}.Release|Any CPU.Build.0 = Release|Any CPU
		{B9A4E76A-34D8-4F2A-B66D-CC817C965EB9}.Debug|Any CPU.ActiveCfg = Debug|Any CPU
		{B9A4E76A-34D8-4F2A-B66D-CC817C965EB9}.Debug|Any CPU.Build.0 = Debug|Any CPU
		{B9A4E76A-34D8-4F2A-B66D-CC817C965EB9}.Release|Any CPU.ActiveCfg = Release|Any CPU
		{B9A4E76A-34D8-4F2A-B66D-CC817C965EB9}.Release|Any CPU.Build.0 = Release|Any CPU
		{E8A49BF4-B6E4-4841-AD6D-373B9B55F89F}.Debug|Any CPU.ActiveCfg = Debug|Any CPU
		{E8A49BF4-B6E4-4841-AD6D-373B9B55F89F}.Debug|Any CPU.Build.0 = Debug|Any CPU
		{E8A49BF4-B6E4-4841-AD6D-373B9B55F89F}.Release|Any CPU.ActiveCfg = Release|Any CPU
		{E8A49BF4-B6E4-4841-AD6D-373B9B55F89F}.Release|Any CPU.Build.0 = Release|Any CPU
	EndGlobalSection
	GlobalSection(SolutionProperties) = preSolution
		HideSolutionNode = FALSE
	EndGlobalSection
	GlobalSection(NestedProjects) = preSolution
		{AC0CE9D1-1A43-4B13-A9CF-7F3C1908BD6E} = {29CD631D-EDEB-4D70-9A94-B5BF6CE221AF}
	EndGlobalSection
EndGlobal
